
Microsoft Visual Studio Solution File, Format Version 12.00
# Visual Studio Version 17
VisualStudioVersion = 17.7.34024.191
MinimumVisualStudioVersion = 10.0.40219.1
Project("{FAE04EC0-301F-11D3-BF4B-00C04F79EFBC}") = "CaclRPN", "CaclRPN.csproj", "{9F539FFC-7A98-4481-AF73-651C7862815B}"
EndProject
Global
	GlobalSection(SolutionConfigurationPlatforms) = preSolution
		Debug|Any CPU = Debug|Any CPU
		Release|Any CPU = Release|Any CPU
	EndGlobalSection
	GlobalSection(ProjectConfigurationPlatforms) = postSolution
		{9F539FFC-7A98-4481-AF73-651C7862815B}.Debug|Any CPU.ActiveCfg = Debug|Any CPU
		{9F539FFC-7A98-4481-AF73-651C7862815B}.Debug|Any CPU.Build.0 = Debug|Any CPU
		{9F539FFC-7A98-4481-AF73-651C7862815B}.Release|Any CPU.ActiveCfg = Release|Any CPU
		{9F539FFC-7A98-4481-AF73-651C7862815B}.Release|Any CPU.Build.0 = Release|Any CPU
	EndGlobalSection
	GlobalSection(SolutionProperties) = preSolution
		HideSolutionNode = FALSE
	EndGlobalSection
	GlobalSection(ExtensibilityGlobals) = postSolution
		SolutionGuid = {4CF59357-31AE-4C6A-A6E1-3998EB1AD288}
	EndGlobalSection
EndGlobal
